<?xml version="1.0" encoding="utf-8"?>
<Project ToolsVersion="4.0" xmlns="http://schemas.microsoft.com/developer/msbuild/2003">
  <ItemGroup>
    <ClCompile Include="content\dllmain.cpp" />
    <ClCompile Include="hooks\hooks.cpp">
      <Filter>hooks</Filter>
    </ClCompile>
  </ItemGroup>
  <ItemGroup>
    <Filter Include="hooks">
      <UniqueIdentifier>{d880d5c1-a56c-4c48-8b10-01e9fd2c277b}</UniqueIdentifier>
    </Filter>
  </ItemGroup>
  <ItemGroup>
    <ClInclude Include="hooks\MinHook.h">
      <Filter>hooks</Filter>
    </ClInclude>
    <ClInclude Include="hooks\hooks.h">
      <Filter>hooks</Filter>
    </ClInclude>
  </ItemGroup>
  <ItemGroup>
    <Library Include="hooks\minhook.lib">
      <Filter>hooks</Filter>
    </Library>
  </ItemGroup>
</Project>